lockfileVersion: '9.0'

settings:
  autoInstallPeers: true
  excludeLinksFromLockfile: false

importers:

  .:
    devDependencies:
      '@types/node':
        specifier: ^20.10.0
        version: 20.16.2
      typescript:
        specifier: ^5.3.2
        version: 5.5.4

  packages/abase:
    devDependencies:
      typescript:
        specifier: ^5.5.4
        version: 5.5.4

  packages/allowUnreachableCode:
    devDependencies:
      typescript:
        specifier: ^5.5.4
        version: 5.5.4

  packages/exclude:
    devDependencies:
      typescript:
        specifier: ^5.5.4
        version: 5.5.4

  packages/extends:
    devDependencies:
      typescript:
        specifier: ^5.5.4
        version: 5.5.4

  packages/files:
    devDependencies:
      typescript:
        specifier: ^5.5.4
        version: 5.5.4

  packages/include:
    devDependencies:
      typescript:
        specifier: ^5.5.4
        version: 5.5.4

  packages/target: {}

packages:

  '@types/node@20.16.2':
    resolution: {integrity: sha512-91s/n4qUPV/wg8eE9KHYW1kouTfDk2FPGjXbBMfRWP/2vg1rCXNQL1OCabwGs0XSdukuK+MwCDXE30QpSeMUhQ==}

  typescript@5.5.4:
    resolution: {integrity: sha512-Mtq29sKDAEYP7aljRgtPOpTvOfbwRWlS6dPRzwjdE+C0R4brX/GUyhHSecbHMFLNBLcJIPt9nl9yG5TZ1weH+Q==}
    engines: {node: '>=14.17'}
    hasBin: true

  undici-types@6.19.8:
    resolution: {integrity: sha512-ve2KP6f/JnbPBFyobGHuerC9g1FYGn/F8n1LWTwNxCEzd6IfqTwUQcNXgEtmmQ6DlRrC1hrSrBnCZPokRrDHjw==}

snapshots:

  '@types/node@20.16.2':
    dependencies:
      undici-types: 6.19.8

  typescript@5.5.4: {}

  undici-types@6.19.8: {}
